
Microsoft Visual Studio Solution File, Format Version 12.00
Project("{FAE04EC0-301F-11D3-BF4B-00C04F79EFBC}") = "Cryptography", "Cryptography\Cryptography.csproj", "{0B51BA1E-B2D6-4635-A886-94D9D97401BB}"
EndProject
Project("{FAE04EC0-301F-11D3-BF4B-00C04F79EFBC}") = "CryptographyConsoleApp", "CryptographyConsoleApp\CryptographyConsoleApp.csproj", "{4B21C59B-ABD8-4F3C-8F96-D3778E3C3CF9}"
EndProject
Global
	GlobalSection(SolutionConfigurationPlatforms) = preSolution
		Debug|Any CPU = Debug|Any CPU
		Release|Any CPU = Release|Any CPU
	EndGlobalSection
	GlobalSection(ProjectConfigurationPlatforms) = postSolution
		{0B51BA1E-B2D6-4635-A886-94D9D97401BB}.Debug|Any CPU.ActiveCfg = Debug|Any CPU
		{0B51BA1E-B2D6-4635-A886-94D9D97401BB}.Debug|Any CPU.Build.0 = Debug|Any CPU
		{0B51BA1E-B2D6-4635-A886-94D9D97401BB}.Release|Any CPU.ActiveCfg = Release|Any CPU
		{0B51BA1E-B2D6-4635-A886-94D9D97401BB}.Release|Any CPU.Build.0 = Release|Any CPU
		{4B21C59B-ABD8-4F3C-8F96-D3778E3C3CF9}.Debug|Any CPU.ActiveCfg = Debug|Any CPU
		{4B21C59B-ABD8-4F3C-8F96-D3778E3C3CF9}.Debug|Any CPU.Build.0 = Debug|Any CPU
		{4B21C59B-ABD8-4F3C-8F96-D3778E3C3CF9}.Release|Any CPU.ActiveCfg = Release|Any CPU
		{4B21C59B-ABD8-4F3C-8F96-D3778E3C3CF9}.Release|Any CPU.Build.0 = Release|Any CPU
	EndGlobalSection
EndGlobal
